Microsoft Visual Studio Solution File, Format Version 8.00
Project("{8BC9CEB8-8B4A-11D0-8D11-00A0C91BC942}") = "PrintFor", "PrintFor.vcproj", "{AB26EDB6-1A8A-4F70-8BF3-020FD4FE0FE4}"
	ProjectSection(ProjectDependencies) = postProject
	EndProjectSection
EndProject
Global
	GlobalSection(SolutionConfiguration) = preSolution
		Debug = Debug
		Release = Release
	EndGlobalSection
	GlobalSection(ProjectConfiguration) = postSolution
		{AB26EDB6-1A8A-4F70-8BF3-020FD4FE0FE4}.Debug.ActiveCfg = Debug|Win32
		{AB26EDB6-1A8A-4F70-8BF3-020FD4FE0FE4}.Debug.Build.0 = Debug|Win32
		{AB26EDB6-1A8A-4F70-8BF3-020FD4FE0FE4}.Release.ActiveCfg = Release|Win32
		{AB26EDB6-1A8A-4F70-8BF3-020FD4FE0FE4}.Release.Build.0 = Release|Win32
	EndGlobalSection
	GlobalSection(ExtensibilityGlobals) = postSolution
	EndGlobalSection
	GlobalSection(ExtensibilityAddIns) = postSolution
	EndGlobalSection
EndGlobal
