Microsoft Visual Studio Solution File, Format Version 8.00
Project("{8BC9CEB8-8B4A-11D0-8D11-00A0C91BC942}") = "get_started", "get_started.vcproj", "{E27F6B86-5E4B-426A-8610-EF6615DC577B}"
	ProjectSection(ProjectDependencies) = postProject
	EndProjectSection
EndProject
Global
	GlobalSection(SolutionConfiguration) = preSolution
		Debug = Debug
		Release = Release
	EndGlobalSection
	GlobalSection(ProjectConfiguration) = postSolution
		{E27F6B86-5E4B-426A-8610-EF6615DC577B}.Debug.ActiveCfg = Debug|Win32
		{E27F6B86-5E4B-426A-8610-EF6615DC577B}.Debug.Build.0 = Debug|Win32
		{E27F6B86-5E4B-426A-8610-EF6615DC577B}.Release.ActiveCfg = Release|Win32
		{E27F6B86-5E4B-426A-8610-EF6615DC577B}.Release.Build.0 = Release|Win32
	EndGlobalSection
	GlobalSection(ExtensibilityGlobals) = postSolution
	EndGlobalSection
	GlobalSection(ExtensibilityAddIns) = postSolution
	EndGlobalSection
EndGlobal
