Microsoft Visual Studio Solution File, Format Version 10.00
# Visual C++ Express 2008
Project("{8BC9CEB8-8B4A-11D0-8D11-00A0C91BC942}") = "cppad", "cppad.vcproj", "{03441495-E22B-4DAC-BEBD-3969DEBD2DF1}"
EndProject
Global
	GlobalSection(SolutionConfigurationPlatforms) = preSolution
		Debug|Win32 = Debug|Win32
		Release|Win32 = Release|Win32
	EndGlobalSection
	GlobalSection(ProjectConfigurationPlatforms) = postSolution
		{03441495-E22B-4DAC-BEBD-3969DEBD2DF1}.Debug|Win32.ActiveCfg = Release|Win32
		{03441495-E22B-4DAC-BEBD-3969DEBD2DF1}.Debug|Win32.Build.0 = Release|Win32
		{03441495-E22B-4DAC-BEBD-3969DEBD2DF1}.Release|Win32.ActiveCfg = Release|Win32
		{03441495-E22B-4DAC-BEBD-3969DEBD2DF1}.Release|Win32.Build.0 = Release|Win32
	EndGlobalSection
	GlobalSection(SolutionProperties) = preSolution
		HideSolutionNode = FALSE
	EndGlobalSection
EndGlobal
